PODS:
  - Magnetic (2.0.9)
  - SwiftyJSON (4.2.0)

DEPENDENCIES:
  - Magnetic
  - SwiftyJSON

SPEC REPOS:
  https://github.com/cocoapods/specs.git:
    - Magnetic
    - SwiftyJSON

SPEC CHECKSUMS:
  Magnetic: a2eacd0bdc145e28d9800d9d08050679c628bad3
  SwiftyJSON: c4bcba26dd9ec7a027fc8eade48e2c911f229e96

PODFILE CHECKSUM: 01a0c508a23392ea80dde7a70dadfa0a770e0464

COCOAPODS: 1.5.2
